// !$*UTF8*$!
{
	archiveVersion = 1;
	classes = {
	};
	objectVersion = 56;
	objects = {

/* Begin PBXBuildFile section */
		C144C05229ADCDA3008EEB6C /* editViewController.swift in Sources */ = {isa = PBXBuildFile; fileRef = C144C05129ADCDA3008EEB6C /* editViewController.swift */; };
		C17611EE29ABD9E3006514BE /* AppDelegate.swift in Sources */ = {isa = PBXBuildFile; fileRef = C17611ED29ABD9E3006514BE /* AppDelegate.swift */; };
		C17611F029ABD9E3006514BE /* SceneDelegate.swift in Sources */ = {isa = PBXBuildFile; fileRef = C17611EF29ABD9E3006514BE /* SceneDelegate.swift */; };
		C17611F229ABD9E3006514BE /* ToDoViewController.swift in Sources */ = {isa = PBXBuildFile; fileRef = C17611F129ABD9E3006514BE /* ToDoViewController.swift */; };
		C17611F529ABD9E3006514BE /* Main.storyboard in Resources */ = {isa = PBXBuildFile; fileRef = C17611F329ABD9E3006514BE /* Main.storyboard */; };
		C17611F729ABD9E4006514BE /* Assets.xcassets in Resources */ = {isa = PBXBuildFile; fileRef = C17611F629ABD9E4006514BE /* Assets.xcassets */; };
		C17611FA29ABD9E4006514BE /* LaunchScreen.storyboard in Resources */ = {isa = PBXBuildFile; fileRef = C17611F829ABD9E4006514BE /* LaunchScreen.storyboard */; };
		C18958CA29AC7DA4003DEA87 /* TableViewCell.swift in Sources */ = {isa = PBXBuildFile; fileRef = C18958C929AC7DA4003DEA87 /* TableViewCell.swift */; };
		C18958CC29AC877D003DEA87 /* DetailViewController.swift in Sources */ = {isa = PBXBuildFile; fileRef = C18958CB29AC877D003DEA87 /* DetailViewController.swift */; };
		C192618C29AF266C00097743 /* newViewController.swift in Sources */ = {isa = PBXBuildFile; fileRef = C192618B29AF266C00097743 /* newViewController.swift */; };
		C1CC987729B071DB002FBF9F /* filteredViewController.swift in Sources */ = {isa = PBXBuildFile; fileRef = C1CC987629B071DB002FBF9F /* filteredViewController.swift */; };
		C1CC987929B0724C002FBF9F /* FilteredTableViewCell.swift in Sources */ = {isa = PBXBuildFile; fileRef = C1CC987829B0724C002FBF9F /* FilteredTableViewCell.swift */; };
/* End PBXBuildFile section */

/* Begin PBXFileReference section */
		C144C05129ADCDA3008EEB6C /* editViewController.swift */ = {isa = PBXFileReference; lastKnownFileType = sourcecode.swift; path = editViewController.swift; sourceTree = "<group>"; };
		C17611EA29ABD9E3006514BE /* ToDo.app */ = {isa = PBXFileReference; explicitFileType = wrapper.application; includeInIndex = 0; path = ToDo.app; sourceTree = BUILT_PRODUCTS_DIR; };
		C17611ED29ABD9E3006514BE /* AppDelegate.swift */ = {isa = PBXFileReference; lastKnownFileType = sourcecode.swift; path = AppDelegate.swift; sourceTree = "<group>"; };
		C17611EF29ABD9E3006514BE /* SceneDelegate.swift */ = {isa = PBXFileReference; lastKnownFileType = sourcecode.swift; path = SceneDelegate.swift; sourceTree = "<group>"; };
		C17611F129ABD9E3006514BE /* ToDoViewController.swift */ = {isa = PBXFileReference; lastKnownFileType = sourcecode.swift; path = ToDoViewController.swift; sourceTree = "<group>"; };
		C17611F429ABD9E3006514BE /* Base */ = {isa = PBXFileReference; lastKnownFileType = file.storyboard; name = Base; path = Base.lproj/Main.storyboard; sourceTree = "<group>"; };
		C17611F629ABD9E4006514BE /* Assets.xcassets */ = {isa = PBXFileReference; lastKnownFileType = folder.assetcatalog; path = Assets.xcassets; sourceTree = "<group>"; };
		C17611F929ABD9E4006514BE /* Base */ = {isa = PBXFileReference; lastKnownFileType = file.storyboard; name = Base; path = Base.lproj/LaunchScreen.storyboard; sourceTree = "<group>"; };
		C17611FB29ABD9E4006514BE /* Info.plist */ = {isa = PBXFileReference; lastKnownFileType = text.plist.xml; path = Info.plist; sourceTree = "<group>"; };
		C18958C929AC7DA4003DEA87 /* TableViewCell.swift */ = {isa = PBXFileReference; lastKnownFileType = sourcecode.swift; path = TableViewCell.swift; sourceTree = "<group>"; };
		C18958CB29AC877D003DEA87 /* DetailViewController.swift */ = {isa = PBXFileReference; lastKnownFileType = sourcecode.swift; path = DetailViewController.swift; sourceTree = "<group>"; };
		C192618B29AF266C00097743 /* newViewController.swift */ = {isa = PBXFileReference; lastKnownFileType = sourcecode.swift; path = newViewController.swift; sourceTree = "<group>"; };
		C1CC987629B071DB002FBF9F /* filteredViewController.swift */ = {isa = PBXFileReference; lastKnownFileType = sourcecode.swift; path = filteredViewController.swift; sourceTree = "<group>"; };
		C1CC987829B0724C002FBF9F /* FilteredTableViewCell.swift */ = {isa = PBXFileReference; lastKnownFileType = sourcecode.swift; path = FilteredTableViewCell.swift; sourceTree = "<group>"; };
/* End PBXFileReference section */

/* Begin PBXFrameworksBuildPhase section */
		C17611E729ABD9E3006514BE /* Frameworks */ = {
			isa = PBXFrameworksBuildPhase;
			buildActionMask = 2147483647;
			files = (
			);
			runOnlyForDeploymentPostprocessing = 0;
		};
/* End PBXFrameworksBuildPhase section */

/* Begin PBXGroup section */
		C17611E129ABD9E3006514BE = {
			isa = PBXGroup;
			children = (
				C17611EC29ABD9E3006514BE /* ToDo */,
				C17611EB29ABD9E3006514BE /* Products */,
			);
			sourceTree = "<group>";
		};
		C17611EB29ABD9E3006514BE /* Products */ = {
			isa = PBXGroup;
			children = (
				C17611EA29ABD9E3006514BE /* ToDo.app */,
			);
			name = Products;
			sourceTree = "<group>";
		};
		C17611EC29ABD9E3006514BE /* ToDo */ = {
			isa = PBXGroup;
			children = (
				C17611ED29ABD9E3006514BE /* AppDelegate.swift */,
				C17611EF29ABD9E3006514BE /* SceneDelegate.swift */,
				C17611F129ABD9E3006514BE /* ToDoViewController.swift */,
				C18958C929AC7DA4003DEA87 /* TableViewCell.swift */,
				C1CC987829B0724C002FBF9F /* FilteredTableViewCell.swift */,
				C17611F329ABD9E3006514BE /* Main.storyboard */,
				C1CC987629B071DB002FBF9F /* filteredViewController.swift */,
				C192618B29AF266C00097743 /* newViewController.swift */,
				C144C05129ADCDA3008EEB6C /* editViewController.swift */,
				C18958CB29AC877D003DEA87 /* DetailViewController.swift */,
				C17611F629ABD9E4006514BE /* Assets.xcassets */,
				C17611F829ABD9E4006514BE /* LaunchScreen.storyboard */,
				C17611FB29ABD9E4006514BE /* Info.plist */,
			);
			path = ToDo;
			sourceTree = "<group>";
		};
/* End PBXGroup section */

/* Begin PBXNativeTarget section */
		C17611E929ABD9E3006514BE /* ToDo */ = {
			isa = PBXNativeTarget;
			buildConfigurationList = C17611FE29ABD9E4006514BE /* Build configuration list for PBXNativeTarget "ToDo" */;
			buildPhases = (
				C17611E629ABD9E3006514BE /* Sources */,
				C17611E729ABD9E3006514BE /* Frameworks */,
				C17611E829ABD9E3006514BE /* Resources */,
			);
			buildRules = (
			);
			dependencies = (
			);
			name = ToDo;
			productName = ToDo;
			productReference = C17611EA29ABD9E3006514BE /* ToDo.app */;
			productType = "com.apple.product-type.application";
		};
/* End PBXNativeTarget section */

/* Begin PBXProject section */
		C17611E229ABD9E3006514BE /* Project object */ = {
			isa = PBXProject;
			attributes = {
				BuildIndependentTargetsInParallel = 1;
				LastSwiftUpdateCheck = 1420;
				LastUpgradeCheck = 1420;
				TargetAttributes = {
					C17611E929ABD9E3006514BE = {
						CreatedOnToolsVersion = 14.2;
					};
				};
			};
			buildConfigurationList = C17611E529ABD9E3006514BE /* Build configuration list for PBXProject "ToDo" */;
			compatibilityVersion = "Xcode 14.0";
			developmentRegion = en;
			hasScannedForEncodings = 0;
			knownRegions = (
				en,
				Base,
			);
			mainGroup = C17611E129ABD9E3006514BE;
			productRefGroup = C17611EB29ABD9E3006514BE /* Products */;
			projectDirPath = "";
			projectRoot = "";
			targets = (
				C17611E929ABD9E3006514BE /* ToDo */,
			);
		};
/* End PBXProject section */

/* Begin PBXResourcesBuildPhase section */
		C17611E829ABD9E3006514BE /* Resources */ = {
			isa = PBXResourcesBuildPhase;
			buildActionMask = 2147483647;
			files = (
				C17611FA29ABD9E4006514BE /* LaunchScreen.storyboard in Resources */,
				C17611F729ABD9E4006514BE /* Assets.xcassets in Resources */,
				C17611F529ABD9E3006514BE /* Main.storyboard in Resources */,
			);
			runOnlyForDeploymentPostprocessing = 0;
		};
/* End PBXResourcesBuildPhase section */

/* Begin PBXSourcesBuildPhase section */
		C17611E629ABD9E3006514BE /* Sources */ = {
			isa = PBXSourcesBuildPhase;
			buildActionMask = 2147483647;
			files = (
				C192618C29AF266C00097743 /* newViewController.swift in Sources */,
				C17611F229ABD9E3006514BE /* ToDoViewController.swift in Sources */,
				C18958CA29AC7DA4003DEA87 /* TableViewCell.swift in Sources */,
				C18958CC29AC877D003DEA87 /* DetailViewController.swift in Sources */,
				C17611EE29ABD9E3006514BE /* AppDelegate.swift in Sources */,
				C1CC987729B071DB002FBF9F /* filteredViewController.swift in Sources */,
				C1CC987929B0724C002FBF9F /* FilteredTableViewCell.swift in Sources */,
				C144C05229ADCDA3008EEB6C /* editViewController.swift in Sources */,
				C17611F029ABD9E3006514BE /* SceneDelegate.swift in Sources */,
			);
			runOnlyForDeploymentPostprocessing = 0;
		};
/* End PBXSourcesBuildPhase section */

/* Begin PBXVariantGroup section */
		C17611F329ABD9E3006514BE /* Main.storyboard */ = {
			isa = PBXVariantGroup;
			children = (
				C17611F429ABD9E3006514BE /* Base */,
			);
			name = Main.storyboard;
			sourceTree = "<group>";
		};
		C17611F829ABD9E4006514BE /* LaunchScreen.storyboard */ = {
			isa = PBXVariantGroup;
			children = (
				C17611F929ABD9E4006514BE /* Base */,
			);
			name = LaunchScreen.storyboard;
			sourceTree = "<group>";
		};
/* End PBXVariantGroup section */

/* Begin XCBuildConfiguration section */
		C17611FC29ABD9E4006514BE /* Debug */ = {
			isa = XCBuildConfiguration;
			buildSettings = {
				ALWAYS_SEARCH_USER_PATHS = NO;
				CLANG_ANALYZER_NONNULL = YES;
				CLANG_ANALYZER_NUMBER_OBJECT_CONVERSION = YES_AGGRESSIVE;
				CLANG_CXX_LANGUAGE_STANDARD = "gnu++20";
				CLANG_ENABLE_MODULES = YES;
				CLANG_ENABLE_OBJC_ARC = YES;
				CLANG_ENABLE_OBJC_WEAK = YES;
				CLANG_WARN_BLOCK_CAPTURE_AUTORELEASING = YES;
				CLANG_WARN_BOOL_CONVERSION = YES;
				CLANG_WARN_COMMA = YES;
				CLANG_WARN_CONSTANT_CONVERSION = YES;
				CLANG_WARN_DEPRECATED_OBJC_IMPLEMENTATIONS = YES;
				CLANG_WARN_DIRECT_OBJC_ISA_USAGE = YES_ERROR;
				CLANG_WARN_DOCUMENTATION_COMMENTS = YES;
				CLANG_WARN_EMPTY_BODY = YES;
				CLANG_WARN_ENUM_CONVERSION = YES;
				CLANG_WARN_INFINITE_RECURSION = YES;
				CLANG_WARN_INT_CONVERSION = YES;
				CLANG_WARN_NON_LITERAL_NULL_CONVERSION = YES;
				CLANG_WARN_OBJC_IMPLICIT_RETAIN_SELF = YES;
				CLANG_WARN_OBJC_LITERAL_CONVERSION = YES;
				CLANG_WARN_OBJC_ROOT_CLASS = YES_ERROR;
				CLANG_WARN_QUOTED_INCLUDE_IN_FRAMEWORK_HEADER = YES;
				CLANG_WARN_RANGE_LOOP_ANALYSIS = YES;
				CLANG_WARN_STRICT_PROTOTYPES = YES;
				CLANG_WARN_SUSPICIOUS_MOVE = YES;
				CLANG_WARN_UNGUARDED_AVAILABILITY = YES_AGGRESSIVE;
				CLANG_WARN_UNREACHABLE_CODE = YES;
				CLANG_WARN__DUPLICATE_METHOD_MATCH = YES;
				COPY_PHASE_STRIP = NO;
				DEBUG_INFORMATION_FORMAT = dwarf;
				ENABLE_STRICT_OBJC_MSGSEND = YES;
				ENABLE_TESTABILITY = YES;
				GCC_C_LANGUAGE_STANDARD = gnu11;
				GCC_DYNAMIC_NO_PIC = NO;
				GCC_NO_COMMON_BLOCKS = YES;
				GCC_OPTIMIZATION_LEVEL = 0;
				GCC_PREPROCESSOR_DEFINITIONS = (
					"DEBUG=1",
					"$(inherited)",
				);
				GCC_WARN_64_TO_32_BIT_CONVERSION = YES;
				GCC_WARN_ABOUT_RETURN_TYPE = YES_ERROR;
				GCC_WARN_UNDECLARED_SELECTOR = YES;
				GCC_WARN_UNINITIALIZED_AUTOS = YES_AGGRESSIVE;
				GCC_WARN_UNUSED_FUNCTION = YES;
				GCC_WARN_UNUSED_VARIABLE = YES;
				IPHONEOS_DEPLOYMENT_TARGET = 16.2;
				MTL_ENABLE_DEBUG_INFO = INCLUDE_SOURCE;
				MTL_FAST_MATH = YES;
				ONLY_ACTIVE_ARCH = YES;
				SDKROOT = iphoneos;
				SWIFT_ACTIVE_COMPILATION_CONDITIONS = DEBUG;
				SWIFT_OPTIMIZATION_LEVEL = "-Onone";
			};
			name = Debug;
		};
		C17611FD29ABD9E4006514BE /* Release */ = {
			isa = XCBuildConfiguration;
			buildSettings = {
				ALWAYS_SEARCH_USER_PATHS = NO;
				CLANG_ANALYZER_NONNULL = YES;
				CLANG_ANALYZER_NUMBER_OBJECT_CONVERSION = YES_AGGRESSIVE;
				CLANG_CXX_LANGUAGE_STANDARD = "gnu++20";
				CLANG_ENABLE_MODULES = YES;
				CLANG_ENABLE_OBJC_ARC = YES;
				CLANG_ENABLE_OBJC_WEAK = YES;
				CLANG_WARN_BLOCK_CAPTURE_AUTORELEASING = YES;
				CLANG_WARN_BOOL_CONVERSION = YES;
				CLANG_WARN_COMMA = YES;
				CLANG_WARN_CONSTANT_CONVERSION = YES;
				CLANG_WARN_DEPRECATED_OBJC_IMPLEMENTATIONS = YES;
				CLANG_WARN_DIRECT_OBJC_ISA_USAGE = YES_ERROR;
				CLANG_WARN_DOCUMENTATION_COMMENTS = YES;
				CLANG_WARN_EMPTY_BODY = YES;
				CLANG_WARN_ENUM_CONVERSION = YES;
				CLANG_WARN_INFINITE_RECURSION = YES;
				CLANG_WARN_INT_CONVERSION = YES;
				CLANG_WARN_NON_LITERAL_NULL_CONVERSION = YES;
				CLANG_WARN_OBJC_IMPLICIT_RETAIN_SELF = YES;
				CLANG_WARN_OBJC_LITERAL_CONVERSION = YES;
				CLANG_WARN_OBJC_ROOT_CLASS = YES_ERROR;
				CLANG_WARN_QUOTED_INCLUDE_IN_FRAMEWORK_HEADER = YES;
				CLANG_WARN_RANGE_LOOP_ANALYSIS = YES;
				CLANG_WARN_STRICT_PROTOTYPES = YES;
				CLANG_WARN_SUSPICIOUS_MOVE = YES;
				CLANG_WARN_UNGUARDED_AVAILABILITY = YES_AGGRESSIVE;
				CLANG_WARN_UNREACHABLE_CODE = YES;
				CLANG_WARN__DUPLICATE_METHOD_MATCH = YES;
				COPY_PHASE_STRIP = NO;
				DEBUG_INFORMATION_FORMAT = "dwarf-with-dsym";
				ENABLE_NS_ASSERTIONS = NO;
				ENABLE_STRICT_OBJC_MSGSEND = YES;
				GCC_C_LANGUAGE_STANDARD = gnu11;
				GCC_NO_COMMON_BLOCKS = YES;
				GCC_WARN_64_TO_32_BIT_CONVERSION = YES;
				GCC_WARN_ABOUT_RETURN_TYPE = YES_ERROR;
				GCC_WARN_UNDECLARED_SELECTOR = YES;
				GCC_WARN_UNINITIALIZED_AUTOS = YES_AGGRESSIVE;
				GCC_WARN_UNUSED_FUNCTION = YES;
				GCC_WARN_UNUSED_VARIABLE = YES;
				IPHONEOS_DEPLOYMENT_TARGET = 16.2;
				MTL_ENABLE_DEBUG_INFO = NO;
				MTL_FAST_MATH = YES;
				SDKROOT = iphoneos;
				SWIFT_COMPILATION_MODE = wholemodule;
				SWIFT_OPTIMIZATION_LEVEL = "-O";
				VALIDATE_PRODUCT = YES;
			};
			name = Release;
		};
		C17611FF29ABD9E4006514BE /* Debug */ = {
			isa = XCBuildConfiguration;
			buildSettings = {
				ASSETCATALOG_COMPILER_APPICON_NAME = AppIcon;
				ASSETCATALOG_COMPILER_GLOBAL_ACCENT_COLOR_NAME = AccentColor;
				CODE_SIGN_STYLE = Automatic;
				CURRENT_PROJECT_VERSION = 1;
				DEVELOPMENT_TEAM = Q9G9TDFD86;
				GENERATE_INFOPLIST_FILE = YES;
				INFOPLIST_FILE = ToDo/Info.plist;
				INFOPLIST_KEY_UIApplicationSupportsIndirectInputEvents = YES;
				INFOPLIST_KEY_UILaunchStoryboardName = LaunchScreen;
				INFOPLIST_KEY_UIMainStoryboardFile = Main;
				INFOPLIST_KEY_UISupportedInterfaceOrientations_iPad = "UIInterfaceOrientationPortrait UIInterfaceOrientationPortraitUpsideDown UIInterfaceOrientationLandscapeLeft UIInterfaceOrientationLandscapeRight";
				INFOPLIST_KEY_UISupportedInterfaceOrientations_iPhone = "UIInterfaceOrientationPortrait UIInterfaceOrientationLandscapeLeft UIInterfaceOrientationLandscapeRight";
				LD_RUNPATH_SEARCH_PATHS = (
					"$(inherited)",
					"@executable_path/Frameworks",
				);
				MARKETING_VERSION = 1.0;
				PRODUCT_BUNDLE_IDENTIFIER = subhransu.ToDo;
				PRODUCT_NAME = "$(TARGET_NAME)";
				SWIFT_EMIT_LOC_STRINGS = YES;
				SWIFT_VERSION = 5.0;
				TARGETED_DEVICE_FAMILY = "1,2";
			};
			name = Debug;
		};
		C176120029ABD9E4006514BE /* Release */ = {
			isa = XCBuildConfiguration;
			buildSettings = {
				ASSETCATALOG_COMPILER_APPICON_NAME = AppIcon;
				ASSETCATALOG_COMPILER_GLOBAL_ACCENT_COLOR_NAME = AccentColor;
				CODE_SIGN_STYLE = Automatic;
				CURRENT_PROJECT_VERSION = 1;
				DEVELOPMENT_TEAM = Q9G9TDFD86;
				GENERATE_INFOPLIST_FILE = YES;
				INFOPLIST_FILE = ToDo/Info.plist;
				INFOPLIST_KEY_UIApplicationSupportsIndirectInputEvents = YES;
				INFOPLIST_KEY_UILaunchStoryboardName = LaunchScreen;
				INFOPLIST_KEY_UIMainStoryboardFile = Main;
				INFOPLIST_KEY_UISupportedInterfaceOrientations_iPad = "UIInterfaceOrientationPortrait UIInterfaceOrientationPortraitUpsideDown UIInterfaceOrientationLandscapeLeft UIInterfaceOrientationLandscapeRight";
				INFOPLIST_KEY_UISupportedInterfaceOrientations_iPhone = "UIInterfaceOrientationPortrait UIInterfaceOrientationLandscapeLeft UIInterfaceOrientationLandscapeRight";
				LD_RUNPATH_SEARCH_PATHS = (
					"$(inherited)",
					"@executable_path/Frameworks",
				);
				MARKETING_VERSION = 1.0;
				PRODUCT_BUNDLE_IDENTIFIER = subhransu.ToDo;
				PRODUCT_NAME = "$(TARGET_NAME)";
				SWIFT_EMIT_LOC_STRINGS = YES;
				SWIFT_VERSION = 5.0;
				TARGETED_DEVICE_FAMILY = "1,2";
			};
			name = Release;
		};
/* End XCBuildConfiguration section */

/* Begin XCConfigurationList section */
		C17611E529ABD9E3006514BE /* Build configuration list for PBXProject "ToDo" */ = {
			isa = XCConfigurationList;
			buildConfigurations = (
				C17611FC29ABD9E4006514BE /* Debug */,
				C17611FD29ABD9E4006514BE /* Release */,
			);
			defaultConfigurationIsVisible = 0;
			defaultConfigurationName = Release;
		};
		C17611FE29ABD9E4006514BE /* Build configuration list for PBXNativeTarget "ToDo" */ = {
			isa = XCConfigurationList;
			buildConfigurations = (
				C17611FF29ABD9E4006514BE /* Debug */,
				C176120029ABD9E4006514BE /* Release */,
			);
			defaultConfigurationIsVisible = 0;
			defaultConfigurationName = Release;
		};
/* End XCConfigurationList section */
	};
	rootObject = C17611E229ABD9E3006514BE /* Project object */;
}
